
Microsoft Visual Studio Solution File, Format Version 12.00
# Visual Studio Version 16
VisualStudioVersion = 16.0.31205.134
MinimumVisualStudioVersion = 10.0.40219.1
Project("{FAE04EC0-301F-11D3-BF4B-00C04F79EFBC}") = "Logs_App_Insights", "Logs_App_Insights\Logs_App_Insights.csproj", "{453D7366-174A-4731-9F12-5D0601F7258B}"
EndProject
Global
	GlobalSection(SolutionConfigurationPlatforms) = preSolution
		Debug|Any CPU = Debug|Any CPU
		Release|Any CPU = Release|Any CPU
	EndGlobalSection
	GlobalSection(ProjectConfigurationPlatforms) = postSolution
		{453D7366-174A-4731-9F12-5D0601F7258B}.Debug|Any CPU.ActiveCfg = Debug|Any CPU
		{453D7366-174A-4731-9F12-5D0601F7258B}.Debug|Any CPU.Build.0 = Debug|Any CPU
		{453D7366-174A-4731-9F12-5D0601F7258B}.Release|Any CPU.ActiveCfg = Release|Any CPU
		{453D7366-174A-4731-9F12-5D0601F7258B}.Release|Any CPU.Build.0 = Release|Any CPU
	EndGlobalSection
	GlobalSection(SolutionProperties) = preSolution
		HideSolutionNode = FALSE
	EndGlobalSection
	GlobalSection(ExtensibilityGlobals) = postSolution
		SolutionGuid = {C4E008BD-E257-45AF-8E70-32FDC4B2C6E1}
	EndGlobalSection
EndGlobal
